
Microsoft Visual Studio Solution File, Format Version 12.00
# Visual Studio Version 16
VisualStudioVersion = 16.0.29709.97
MinimumVisualStudioVersion = 10.0.40219.1
Project("{9A19103F-16F7-4668-BE54-9A1E7A4F7556}") = "TrainingAzure.WebApp", "TrainingAzure.WebApp.csproj", "{FDF98D81-8499-4606-991D-7DB0D4DF5771}"
EndProject
Project("{FAE04EC0-301F-11D3-BF4B-00C04F79EFBC}") = "TrainingAzure.AzureFunction", "..\TrainingAzure.AzureFunction\TrainingAzure.AzureFunction.csproj", "{6878CB52-E76F-45CC-A2A7-B69BD686CBEC}"
EndProject
Global
	GlobalSection(SolutionConfigurationPlatforms) = preSolution
		Debug|Any CPU = Debug|Any CPU
		Release|Any CPU = Release|Any CPU
	EndGlobalSection
	GlobalSection(ProjectConfigurationPlatforms) = postSolution
		{FDF98D81-8499-4606-991D-7DB0D4DF5771}.Debug|Any CPU.ActiveCfg = Debug|Any CPU
		{FDF98D81-8499-4606-991D-7DB0D4DF5771}.Debug|Any CPU.Build.0 = Debug|Any CPU
		{FDF98D81-8499-4606-991D-7DB0D4DF5771}.Release|Any CPU.ActiveCfg = Release|Any CPU
		{FDF98D81-8499-4606-991D-7DB0D4DF5771}.Release|Any CPU.Build.0 = Release|Any CPU
		{6878CB52-E76F-45CC-A2A7-B69BD686CBEC}.Debug|Any CPU.ActiveCfg = Debug|Any CPU
		{6878CB52-E76F-45CC-A2A7-B69BD686CBEC}.Debug|Any CPU.Build.0 = Debug|Any CPU
		{6878CB52-E76F-45CC-A2A7-B69BD686CBEC}.Release|Any CPU.ActiveCfg = Release|Any CPU
		{6878CB52-E76F-45CC-A2A7-B69BD686CBEC}.Release|Any CPU.Build.0 = Release|Any CPU
	EndGlobalSection
	GlobalSection(SolutionProperties) = preSolution
		HideSolutionNode = FALSE
	EndGlobalSection
	GlobalSection(ExtensibilityGlobals) = postSolution
		SolutionGuid = {B0A0DDBA-AC95-4337-A3D8-A7B6650D7709}
	EndGlobalSection
EndGlobal
